{
  "name": "donner-mail",
  "version": "0.3.2",
  "lockfileVersion": 3,
  "requires": true,
  "packages": {
    "": {
      "name": "donner-mail",
      "version": "0.3.2",
      "license": "MIT",
      "dependencies": {
        "postal-mime": "^4.0.0"
      },
      "bin": {
        "donner": "bin/donner.js"
      },
      "devDependencies": {
        "ws": "^8.18.0"
      },
      "engines": {
        "node": ">=22.13.0"
      }
    },
    "node_modules/postal-mime": {
      "version": "4.0.0",
      "resolved": "https://registry.npmjs.org/postal-mime/-/postal-mime-4.0.0.tgz",
      "integrity": "sha512-pmAD50GSuJ6Njf7oa4bleSsYrPy8UYxTRmxVFFwysOm2p8t4C3DFEmP+j7tkvQzPdFUT0X1PuzJvrnb2Sx40BA==",
      "license": "MIT-0",
      "engines": {
        "node": ">=20"
      }
    },
    "node_modules/ws": {
      "version": "8.22.0",
      "resolved": "https://registry.npmjs.org/ws/-/ws-8.22.0.tgz",
      "integrity": "sha512-Ydggc987+RO0AnWtZ/7Wq9FtNvcrL1b/RO0ud9mWjUPgDrsAAwQSF51sm2hm1XofbU/4jkpGEsLFsZZxU+1DOg==",
      "dev": true,
      "license": "MIT",
      "engines": {
        "node": ">=10.0.0"
      },
      "peerDependencies": {
        "bufferutil": "^4.0.1",
        "utf-8-validate": ">=5.0.2"
      },
      "peerDependenciesMeta": {
        "bufferutil": {
          "optional": true
        },
        "utf-8-validate": {
          "optional": true
        }
      }
    }
  }
}
